Microsoft Visual Studio Solution File, Format Version 12.00
# Visual Studio Version 17
VisualStudioVersion = 17.5.2.0
MinimumVisualStudioVersion = 10.0.40219.1
Project("{FAE04EC0-301F-11D3-BF4B-00C04F79EFBC}") = "LeitorNfe", "LeitorNfe.csproj", "{AF9E8C1E-A8A0-ADCF-E3B2-D78B76456AD6}"
EndProject
Global
	GlobalSection(SolutionConfigurationPlatforms) = preSolution
		Debug|Any CPU = Debug|Any CPU
		Release|Any CPU = Release|Any CPU
	EndGlobalSection
	GlobalSection(ProjectConfigurationPlatforms) = postSolution
		{AF9E8C1E-A8A0-ADCF-E3B2-D78B76456AD6}.Debug|Any CPU.ActiveCfg = Debug|Any CPU
		{AF9E8C1E-A8A0-ADCF-E3B2-D78B76456AD6}.Debug|Any CPU.Build.0 = Debug|Any CPU
		{AF9E8C1E-A8A0-ADCF-E3B2-D78B76456AD6}.Release|Any CPU.ActiveCfg = Release|Any CPU
		{AF9E8C1E-A8A0-ADCF-E3B2-D78B76456AD6}.Release|Any CPU.Build.0 = Release|Any CPU
	EndGlobalSection
	GlobalSection(SolutionProperties) = preSolution
		HideSolutionNode = FALSE
	EndGlobalSection
	GlobalSection(ExtensibilityGlobals) = postSolution
		SolutionGuid = {F9AC5CC5-3372-4E16-AEA2-B791F42A8EB6}
	EndGlobalSection
EndGlobal
