Microsoft Visual Studio Solution File, Format Version 12.00
# Visual Studio Version 17
VisualStudioVersion = 17.5.2.0
MinimumVisualStudioVersion = 10.0.40219.1
Project("{FAE04EC0-301F-11D3-BF4B-00C04F79EFBC}") = "LeitorNfe", "LeitorNfe\LeitorNfe.csproj", "{58FE2A8A-9AC4-BDB6-7E48-F95B17F3667D}"
EndProject
Global
	GlobalSection(SolutionConfigurationPlatforms) = preSolution
		Debug|Any CPU = Debug|Any CPU
		Release|Any CPU = Release|Any CPU
	EndGlobalSection
	GlobalSection(ProjectConfigurationPlatforms) = postSolution
		{58FE2A8A-9AC4-BDB6-7E48-F95B17F3667D}.Debug|Any CPU.ActiveCfg = Debug|Any CPU
		{58FE2A8A-9AC4-BDB6-7E48-F95B17F3667D}.Debug|Any CPU.Build.0 = Debug|Any CPU
		{58FE2A8A-9AC4-BDB6-7E48-F95B17F3667D}.Release|Any CPU.ActiveCfg = Release|Any CPU
		{58FE2A8A-9AC4-BDB6-7E48-F95B17F3667D}.Release|Any CPU.Build.0 = Release|Any CPU
	EndGlobalSection
	GlobalSection(SolutionProperties) = preSolution
		HideSolutionNode = FALSE
	EndGlobalSection
	GlobalSection(ExtensibilityGlobals) = postSolution
		SolutionGuid = {B88E6FCE-2171-4691-9EC8-540A6B2EA6C3}
	EndGlobalSection
EndGlobal
